// !$*UTF8*$!
{
	archiveVersion = 1;
	classes = {
	};
	objectVersion = 56;
	objects = {

/* Begin PBXBuildFile section */
		4C09E64729E6071D007A3B6A /* Business.swift in Sources */ = {isa = PBXBuildFile; fileRef = 4C09E64629E6071D007A3B6A /* Business.swift */; };
		4C09E64929E60A03007A3B6A /* BusinessSearch.swift in Sources */ = {isa = PBXBuildFile; fileRef = 4C09E64829E60A03007A3B6A /* BusinessSearch.swift */; };
		4C09E64C29E61E09007A3B6A /* Constants.swift in Sources */ = {isa = PBXBuildFile; fileRef = 4C09E64B29E61E09007A3B6A /* Constants.swift */; };
		4C09E65129E6B310007A3B6A /* HomeView.swift in Sources */ = {isa = PBXBuildFile; fileRef = 4C09E65029E6B310007A3B6A /* HomeView.swift */; };
		4C09E65329E6B487007A3B6A /* OnboardingView.swift in Sources */ = {isa = PBXBuildFile; fileRef = 4C09E65229E6B487007A3B6A /* OnboardingView.swift */; };
		4C09E65529E6B4A5007A3B6A /* DeniedView.swift in Sources */ = {isa = PBXBuildFile; fileRef = 4C09E65429E6B4A5007A3B6A /* DeniedView.swift */; };
		4C09E65829E6B757007A3B6A /* BusinessList.swift in Sources */ = {isa = PBXBuildFile; fileRef = 4C09E65729E6B757007A3B6A /* BusinessList.swift */; };
		4C09E65A29E8C28C007A3B6A /* BusinessSectionHeader.swift in Sources */ = {isa = PBXBuildFile; fileRef = 4C09E65929E8C28C007A3B6A /* BusinessSectionHeader.swift */; };
		4C09E65C29E8C336007A3B6A /* BusinessSection.swift in Sources */ = {isa = PBXBuildFile; fileRef = 4C09E65B29E8C336007A3B6A /* BusinessSection.swift */; };
		4C09E65E29E8CCF2007A3B6A /* BusinessRow.swift in Sources */ = {isa = PBXBuildFile; fileRef = 4C09E65D29E8CCF2007A3B6A /* BusinessRow.swift */; };
		4C8CF26729EDEC9E007A21F6 /* BusinessDetail.swift in Sources */ = {isa = PBXBuildFile; fileRef = 4C8CF26629EDEC9E007A21F6 /* BusinessDetail.swift */; };
		4CB0C34E29CC78A9000AC11A /* CitySightsApp.swift in Sources */ = {isa = PBXBuildFile; fileRef = 4CB0C34D29CC78A9000AC11A /* CitySightsApp.swift */; };
		4CB0C35029CC78A9000AC11A /* LaunchView.swift in Sources */ = {isa = PBXBuildFile; fileRef = 4CB0C34F29CC78A9000AC11A /* LaunchView.swift */; };
		4CB0C35229CC78AB000AC11A /* Assets.xcassets in Resources */ = {isa = PBXBuildFile; fileRef = 4CB0C35129CC78AB000AC11A /* Assets.xcassets */; };
		4CB0C35529CC78AB000AC11A /* Preview Assets.xcassets in Resources */ = {isa = PBXBuildFile; fileRef = 4CB0C35429CC78AB000AC11A /* Preview Assets.xcassets */; };
		4CB0C35F29CDBE8C000AC11A /* ContentModel.swift in Sources */ = {isa = PBXBuildFile; fileRef = 4CB0C35E29CDBE8C000AC11A /* ContentModel.swift */; };
/* End PBXBuildFile section */

/* Begin PBXFileReference section */
		4C09E64629E6071D007A3B6A /* Business.swift */ = {isa = PBXFileReference; lastKnownFileType = sourcecode.swift; path = Business.swift; sourceTree = "<group>"; };
		4C09E64829E60A03007A3B6A /* BusinessSearch.swift */ = {isa = PBXFileReference; lastKnownFileType = sourcecode.swift; path = BusinessSearch.swift; sourceTree = "<group>"; };
		4C09E64B29E61E09007A3B6A /* Constants.swift */ = {isa = PBXFileReference; lastKnownFileType = sourcecode.swift; path = Constants.swift; sourceTree = "<group>"; };
		4C09E65029E6B310007A3B6A /* HomeView.swift */ = {isa = PBXFileReference; lastKnownFileType = sourcecode.swift; path = HomeView.swift; sourceTree = "<group>"; };
		4C09E65229E6B487007A3B6A /* OnboardingView.swift */ = {isa = PBXFileReference; lastKnownFileType = sourcecode.swift; path = OnboardingView.swift; sourceTree = "<group>"; };
		4C09E65429E6B4A5007A3B6A /* DeniedView.swift */ = {isa = PBXFileReference; lastKnownFileType = sourcecode.swift; path = DeniedView.swift; sourceTree = "<group>"; };
		4C09E65729E6B757007A3B6A /* BusinessList.swift */ = {isa = PBXFileReference; lastKnownFileType = sourcecode.swift; path = BusinessList.swift; sourceTree = "<group>"; };
		4C09E65929E8C28C007A3B6A /* BusinessSectionHeader.swift */ = {isa = PBXFileReference; lastKnownFileType = sourcecode.swift; path = BusinessSectionHeader.swift; sourceTree = "<group>"; };
		4C09E65B29E8C336007A3B6A /* BusinessSection.swift */ = {isa = PBXFileReference; lastKnownFileType = sourcecode.swift; path = BusinessSection.swift; sourceTree = "<group>"; };
		4C09E65D29E8CCF2007A3B6A /* BusinessRow.swift */ = {isa = PBXFileReference; lastKnownFileType = sourcecode.swift; path = BusinessRow.swift; sourceTree = "<group>"; };
		4C8CF26629EDEC9E007A21F6 /* BusinessDetail.swift */ = {isa = PBXFileReference; lastKnownFileType = sourcecode.swift; path = BusinessDetail.swift; sourceTree = "<group>"; };
		4CB0C34A29CC78A9000AC11A /* CitySights.app */ = {isa = PBXFileReference; explicitFileType = wrapper.application; includeInIndex = 0; path = CitySights.app; sourceTree = BUILT_PRODUCTS_DIR; };
		4CB0C34D29CC78A9000AC11A /* CitySightsApp.swift */ = {isa = PBXFileReference; lastKnownFileType = sourcecode.swift; path = CitySightsApp.swift; sourceTree = "<group>"; };
		4CB0C34F29CC78A9000AC11A /* LaunchView.swift */ = {isa = PBXFileReference; lastKnownFileType = sourcecode.swift; path = LaunchView.swift; sourceTree = "<group>"; };
		4CB0C35129CC78AB000AC11A /* Assets.xcassets */ = {isa = PBXFileReference; lastKnownFileType = folder.assetcatalog; path = Assets.xcassets; sourceTree = "<group>"; };
		4CB0C35429CC78AB000AC11A /* Preview Assets.xcassets */ = {isa = PBXFileReference; lastKnownFileType = folder.assetcatalog; path = "Preview Assets.xcassets"; sourceTree = "<group>"; };
		4CB0C35E29CDBE8C000AC11A /* ContentModel.swift */ = {isa = PBXFileReference; lastKnownFileType = sourcecode.swift; path = ContentModel.swift; sourceTree = "<group>"; };
/* End PBXFileReference section */

/* Begin PBXFrameworksBuildPhase section */
		4CB0C34729CC78A9000AC11A /* Frameworks */ = {
			isa = PBXFrameworksBuildPhase;
			buildActionMask = 2147483647;
			files = (
			);
			runOnlyForDeploymentPostprocessing = 0;
		};
/* End PBXFrameworksBuildPhase section */

/* Begin PBXGroup section */
		4C09E64A29E61DF8007A3B6A /* Helpers */ = {
			isa = PBXGroup;
			children = (
				4C09E64B29E61E09007A3B6A /* Constants.swift */,
			);
			path = Helpers;
			sourceTree = "<group>";
		};
		4C09E64D29E6286E007A3B6A /* Onboarding */ = {
			isa = PBXGroup;
			children = (
				4C09E65229E6B487007A3B6A /* OnboardingView.swift */,
			);
			path = Onboarding;
			sourceTree = "<group>";
		};
		4C09E64E29E62877007A3B6A /* Denied */ = {
			isa = PBXGroup;
			children = (
				4C09E65429E6B4A5007A3B6A /* DeniedView.swift */,
			);
			path = Denied;
			sourceTree = "<group>";
		};
		4C09E64F29E62882007A3B6A /* Home */ = {
			isa = PBXGroup;
			children = (
				4C09E65029E6B310007A3B6A /* HomeView.swift */,
				4C09E65629E6B743007A3B6A /* List */,
			);
			path = Home;
			sourceTree = "<group>";
		};
		4C09E65629E6B743007A3B6A /* List */ = {
			isa = PBXGroup;
			children = (
				4C09E65729E6B757007A3B6A /* BusinessList.swift */,
				4C09E65929E8C28C007A3B6A /* BusinessSectionHeader.swift */,
				4C09E65B29E8C336007A3B6A /* BusinessSection.swift */,
				4C09E65D29E8CCF2007A3B6A /* BusinessRow.swift */,
				4C8CF26529EDEC70007A21F6 /* Detail */,
			);
			path = List;
			sourceTree = "<group>";
		};
		4C8CF26529EDEC70007A21F6 /* Detail */ = {
			isa = PBXGroup;
			children = (
				4C8CF26629EDEC9E007A21F6 /* BusinessDetail.swift */,
			);
			path = Detail;
			sourceTree = "<group>";
		};
		4CB0C34129CC78A9000AC11A = {
			isa = PBXGroup;
			children = (
				4CB0C34C29CC78A9000AC11A /* CitySights */,
				4CB0C34B29CC78A9000AC11A /* Products */,
			);
			sourceTree = "<group>";
		};
		4CB0C34B29CC78A9000AC11A /* Products */ = {
			isa = PBXGroup;
			children = (
				4CB0C34A29CC78A9000AC11A /* CitySights.app */,
			);
			name = Products;
			sourceTree = "<group>";
		};
		4CB0C34C29CC78A9000AC11A /* CitySights */ = {
			isa = PBXGroup;
			children = (
				4CB0C34D29CC78A9000AC11A /* CitySightsApp.swift */,
				4C09E64A29E61DF8007A3B6A /* Helpers */,
				4CB0C35D29CC78FD000AC11A /* Models */,
				4CB0C35C29CC78EE000AC11A /* ViewModels */,
				4CB0C35B29CC78E9000AC11A /* Views */,
				4CB0C35129CC78AB000AC11A /* Assets.xcassets */,
				4CB0C35329CC78AB000AC11A /* Preview Content */,
			);
			path = CitySights;
			sourceTree = "<group>";
		};
		4CB0C35329CC78AB000AC11A /* Preview Content */ = {
			isa = PBXGroup;
			children = (
				4CB0C35429CC78AB000AC11A /* Preview Assets.xcassets */,
			);
			path = "Preview Content";
			sourceTree = "<group>";
		};
		4CB0C35B29CC78E9000AC11A /* Views */ = {
			isa = PBXGroup;
			children = (
				4C09E64F29E62882007A3B6A /* Home */,
				4C09E64E29E62877007A3B6A /* Denied */,
				4C09E64D29E6286E007A3B6A /* Onboarding */,
				4CB0C34F29CC78A9000AC11A /* LaunchView.swift */,
			);
			path = Views;
			sourceTree = "<group>";
		};
		4CB0C35C29CC78EE000AC11A /* ViewModels */ = {
			isa = PBXGroup;
			children = (
				4CB0C35E29CDBE8C000AC11A /* ContentModel.swift */,
			);
			path = ViewModels;
			sourceTree = "<group>";
		};
		4CB0C35D29CC78FD000AC11A /* Models */ = {
			isa = PBXGroup;
			children = (
				4C09E64629E6071D007A3B6A /* Business.swift */,
				4C09E64829E60A03007A3B6A /* BusinessSearch.swift */,
			);
			path = Models;
			sourceTree = "<group>";
		};
/* End PBXGroup section */

/* Begin PBXNativeTarget section */
		4CB0C34929CC78A9000AC11A /* CitySights */ = {
			isa = PBXNativeTarget;
			buildConfigurationList = 4CB0C35829CC78AB000AC11A /* Build configuration list for PBXNativeTarget "CitySights" */;
			buildPhases = (
				4CB0C34629CC78A9000AC11A /* Sources */,
				4CB0C34729CC78A9000AC11A /* Frameworks */,
				4CB0C34829CC78A9000AC11A /* Resources */,
			);
			buildRules = (
			);
			dependencies = (
			);
			name = CitySights;
			productName = CitySights;
			productReference = 4CB0C34A29CC78A9000AC11A /* CitySights.app */;
			productType = "com.apple.product-type.application";
		};
/* End PBXNativeTarget section */

/* Begin PBXProject section */
		4CB0C34229CC78A9000AC11A /* Project object */ = {
			isa = PBXProject;
			attributes = {
				BuildIndependentTargetsInParallel = 1;
				LastSwiftUpdateCheck = 1420;
				LastUpgradeCheck = 1420;
				TargetAttributes = {
					4CB0C34929CC78A9000AC11A = {
						CreatedOnToolsVersion = 14.2;
					};
				};
			};
			buildConfigurationList = 4CB0C34529CC78A9000AC11A /* Build configuration list for PBXProject "CitySights" */;
			compatibilityVersion = "Xcode 14.0";
			developmentRegion = en;
			hasScannedForEncodings = 0;
			knownRegions = (
				en,
				Base,
			);
			mainGroup = 4CB0C34129CC78A9000AC11A;
			productRefGroup = 4CB0C34B29CC78A9000AC11A /* Products */;
			projectDirPath = "";
			projectRoot = "";
			targets = (
				4CB0C34929CC78A9000AC11A /* CitySights */,
			);
		};
/* End PBXProject section */

/* Begin PBXResourcesBuildPhase section */
		4CB0C34829CC78A9000AC11A /* Resources */ = {
			isa = PBXResourcesBuildPhase;
			buildActionMask = 2147483647;
			files = (
				4CB0C35529CC78AB000AC11A /* Preview Assets.xcassets in Resources */,
				4CB0C35229CC78AB000AC11A /* Assets.xcassets in Resources */,
			);
			runOnlyForDeploymentPostprocessing = 0;
		};
/* End PBXResourcesBuildPhase section */

/* Begin PBXSourcesBuildPhase section */
		4CB0C34629CC78A9000AC11A /* Sources */ = {
			isa = PBXSourcesBuildPhase;
			buildActionMask = 2147483647;
			files = (
				4C09E65529E6B4A5007A3B6A /* DeniedView.swift in Sources */,
				4C09E65E29E8CCF2007A3B6A /* BusinessRow.swift in Sources */,
				4C09E65C29E8C336007A3B6A /* BusinessSection.swift in Sources */,
				4CB0C35029CC78A9000AC11A /* LaunchView.swift in Sources */,
				4C09E65129E6B310007A3B6A /* HomeView.swift in Sources */,
				4C09E65829E6B757007A3B6A /* BusinessList.swift in Sources */,
				4C09E64729E6071D007A3B6A /* Business.swift in Sources */,
				4CB0C34E29CC78A9000AC11A /* CitySightsApp.swift in Sources */,
				4C09E65A29E8C28C007A3B6A /* BusinessSectionHeader.swift in Sources */,
				4C09E64929E60A03007A3B6A /* BusinessSearch.swift in Sources */,
				4C09E65329E6B487007A3B6A /* OnboardingView.swift in Sources */,
				4CB0C35F29CDBE8C000AC11A /* ContentModel.swift in Sources */,
				4C8CF26729EDEC9E007A21F6 /* BusinessDetail.swift in Sources */,
				4C09E64C29E61E09007A3B6A /* Constants.swift in Sources */,
			);
			runOnlyForDeploymentPostprocessing = 0;
		};
/* End PBXSourcesBuildPhase section */

/* Begin XCBuildConfiguration section */
		4CB0C35629CC78AB000AC11A /* Debug */ = {
			isa = XCBuildConfiguration;
			buildSettings = {
				ALWAYS_SEARCH_USER_PATHS = NO;
				CLANG_ANALYZER_NONNULL = YES;
				CLANG_ANALYZER_NUMBER_OBJECT_CONVERSION = YES_AGGRESSIVE;
				CLANG_CXX_LANGUAGE_STANDARD = "gnu++20";
				CLANG_ENABLE_MODULES = YES;
				CLANG_ENABLE_OBJC_ARC = YES;
				CLANG_ENABLE_OBJC_WEAK = YES;
				CLANG_WARN_BLOCK_CAPTURE_AUTORELEASING = YES;
				CLANG_WARN_BOOL_CONVERSION = YES;
				CLANG_WARN_COMMA = YES;
				CLANG_WARN_CONSTANT_CONVERSION = YES;
				CLANG_WARN_DEPRECATED_OBJC_IMPLEMENTATIONS = YES;
				CLANG_WARN_DIRECT_OBJC_ISA_USAGE = YES_ERROR;
				CLANG_WARN_DOCUMENTATION_COMMENTS = YES;
				CLANG_WARN_EMPTY_BODY = YES;
				CLANG_WARN_ENUM_CONVERSION = YES;
				CLANG_WARN_INFINITE_RECURSION = YES;
				CLANG_WARN_INT_CONVERSION = YES;
				CLANG_WARN_NON_LITERAL_NULL_CONVERSION = YES;
				CLANG_WARN_OBJC_IMPLICIT_RETAIN_SELF = YES;
				CLANG_WARN_OBJC_LITERAL_CONVERSION = YES;
				CLANG_WARN_OBJC_ROOT_CLASS = YES_ERROR;
				CLANG_WARN_QUOTED_INCLUDE_IN_FRAMEWORK_HEADER = YES;
				CLANG_WARN_RANGE_LOOP_ANALYSIS = YES;
				CLANG_WARN_STRICT_PROTOTYPES = YES;
				CLANG_WARN_SUSPICIOUS_MOVE = YES;
				CLANG_WARN_UNGUARDED_AVAILABILITY = YES_AGGRESSIVE;
				CLANG_WARN_UNREACHABLE_CODE = YES;
				CLANG_WARN__DUPLICATE_METHOD_MATCH = YES;
				COPY_PHASE_STRIP = NO;
				DEBUG_INFORMATION_FORMAT = dwarf;
				ENABLE_STRICT_OBJC_MSGSEND = YES;
				ENABLE_TESTABILITY = YES;
				GCC_C_LANGUAGE_STANDARD = gnu11;
				GCC_DYNAMIC_NO_PIC = NO;
				GCC_NO_COMMON_BLOCKS = YES;
				GCC_OPTIMIZATION_LEVEL = 0;
				GCC_PREPROCESSOR_DEFINITIONS = (
					"DEBUG=1",
					"$(inherited)",
				);
				GCC_WARN_64_TO_32_BIT_CONVERSION = YES;
				GCC_WARN_ABOUT_RETURN_TYPE = YES_ERROR;
				GCC_WARN_UNDECLARED_SELECTOR = YES;
				GCC_WARN_UNINITIALIZED_AUTOS = YES_AGGRESSIVE;
				GCC_WARN_UNUSED_FUNCTION = YES;
				GCC_WARN_UNUSED_VARIABLE = YES;
				IPHONEOS_DEPLOYMENT_TARGET = 16.2;
				MTL_ENABLE_DEBUG_INFO = INCLUDE_SOURCE;
				MTL_FAST_MATH = YES;
				ONLY_ACTIVE_ARCH = YES;
				SDKROOT = iphoneos;
				SWIFT_ACTIVE_COMPILATION_CONDITIONS = DEBUG;
				SWIFT_OPTIMIZATION_LEVEL = "-Onone";
			};
			name = Debug;
		};
		4CB0C35729CC78AB000AC11A /* Release */ = {
			isa = XCBuildConfiguration;
			buildSettings = {
				ALWAYS_SEARCH_USER_PATHS = NO;
				CLANG_ANALYZER_NONNULL = YES;
				CLANG_ANALYZER_NUMBER_OBJECT_CONVERSION = YES_AGGRESSIVE;
				CLANG_CXX_LANGUAGE_STANDARD = "gnu++20";
				CLANG_ENABLE_MODULES = YES;
				CLANG_ENABLE_OBJC_ARC = YES;
				CLANG_ENABLE_OBJC_WEAK = YES;
				CLANG_WARN_BLOCK_CAPTURE_AUTORELEASING = YES;
				CLANG_WARN_BOOL_CONVERSION = YES;
				CLANG_WARN_COMMA = YES;
				CLANG_WARN_CONSTANT_CONVERSION = YES;
				CLANG_WARN_DEPRECATED_OBJC_IMPLEMENTATIONS = YES;
				CLANG_WARN_DIRECT_OBJC_ISA_USAGE = YES_ERROR;
				CLANG_WARN_DOCUMENTATION_COMMENTS = YES;
				CLANG_WARN_EMPTY_BODY = YES;
				CLANG_WARN_ENUM_CONVERSION = YES;
				CLANG_WARN_INFINITE_RECURSION = YES;
				CLANG_WARN_INT_CONVERSION = YES;
				CLANG_WARN_NON_LITERAL_NULL_CONVERSION = YES;
				CLANG_WARN_OBJC_IMPLICIT_RETAIN_SELF = YES;
				CLANG_WARN_OBJC_LITERAL_CONVERSION = YES;
				CLANG_WARN_OBJC_ROOT_CLASS = YES_ERROR;
				CLANG_WARN_QUOTED_INCLUDE_IN_FRAMEWORK_HEADER = YES;
				CLANG_WARN_RANGE_LOOP_ANALYSIS = YES;
				CLANG_WARN_STRICT_PROTOTYPES = YES;
				CLANG_WARN_SUSPICIOUS_MOVE = YES;
				CLANG_WARN_UNGUARDED_AVAILABILITY = YES_AGGRESSIVE;
				CLANG_WARN_UNREACHABLE_CODE = YES;
				CLANG_WARN__DUPLICATE_METHOD_MATCH = YES;
				COPY_PHASE_STRIP = NO;
				DEBUG_INFORMATION_FORMAT = "dwarf-with-dsym";
				ENABLE_NS_ASSERTIONS = NO;
				ENABLE_STRICT_OBJC_MSGSEND = YES;
				GCC_C_LANGUAGE_STANDARD = gnu11;
				GCC_NO_COMMON_BLOCKS = YES;
				GCC_WARN_64_TO_32_BIT_CONVERSION = YES;
				GCC_WARN_ABOUT_RETURN_TYPE = YES_ERROR;
				GCC_WARN_UNDECLARED_SELECTOR = YES;
				GCC_WARN_UNINITIALIZED_AUTOS = YES_AGGRESSIVE;
				GCC_WARN_UNUSED_FUNCTION = YES;
				GCC_WARN_UNUSED_VARIABLE = YES;
				IPHONEOS_DEPLOYMENT_TARGET = 16.2;
				MTL_ENABLE_DEBUG_INFO = NO;
				MTL_FAST_MATH = YES;
				SDKROOT = iphoneos;
				SWIFT_COMPILATION_MODE = wholemodule;
				SWIFT_OPTIMIZATION_LEVEL = "-O";
				VALIDATE_PRODUCT = YES;
			};
			name = Release;
		};
		4CB0C35929CC78AB000AC11A /* Debug */ = {
			isa = XCBuildConfiguration;
			buildSettings = {
				ASSETCATALOG_COMPILER_APPICON_NAME = AppIcon;
				ASSETCATALOG_COMPILER_GLOBAL_ACCENT_COLOR_NAME = AccentColor;
				CODE_SIGN_STYLE = Automatic;
				CURRENT_PROJECT_VERSION = 1;
				DEVELOPMENT_ASSET_PATHS = "\"CitySights/Preview Content\"";
				ENABLE_PREVIEWS = YES;
				GENERATE_INFOPLIST_FILE = YES;
				INFOPLIST_KEY_NSLocationWhenInUseUsageDescription = "";
				INFOPLIST_KEY_UIApplicationSceneManifest_Generation = YES;
				INFOPLIST_KEY_UIApplicationSupportsIndirectInputEvents = YES;
				INFOPLIST_KEY_UILaunchScreen_Generation = YES;
				INFOPLIST_KEY_UISupportedInterfaceOrientations_iPad = "UIInterfaceOrientationPortrait UIInterfaceOrientationPortraitUpsideDown UIInterfaceOrientationLandscapeLeft UIInterfaceOrientationLandscapeRight";
				INFOPLIST_KEY_UISupportedInterfaceOrientations_iPhone = "UIInterfaceOrientationPortrait UIInterfaceOrientationLandscapeLeft UIInterfaceOrientationLandscapeRight";
				LD_RUNPATH_SEARCH_PATHS = (
					"$(inherited)",
					"@executable_path/Frameworks",
				);
				MARKETING_VERSION = 1.0;
				PRODUCT_BUNDLE_IDENTIFIER = uitest.CitySights;
				PRODUCT_NAME = "$(TARGET_NAME)";
				SWIFT_EMIT_LOC_STRINGS = YES;
				SWIFT_VERSION = 5.0;
				TARGETED_DEVICE_FAMILY = "1,2";
			};
			name = Debug;
		};
		4CB0C35A29CC78AB000AC11A /* Release */ = {
			isa = XCBuildConfiguration;
			buildSettings = {
				ASSETCATALOG_COMPILER_APPICON_NAME = AppIcon;
				ASSETCATALOG_COMPILER_GLOBAL_ACCENT_COLOR_NAME = AccentColor;
				CODE_SIGN_STYLE = Automatic;
				CURRENT_PROJECT_VERSION = 1;
				DEVELOPMENT_ASSET_PATHS = "\"CitySights/Preview Content\"";
				ENABLE_PREVIEWS = YES;
				GENERATE_INFOPLIST_FILE = YES;
				INFOPLIST_KEY_NSLocationWhenInUseUsageDescription = "";
				INFOPLIST_KEY_UIApplicationSceneManifest_Generation = YES;
				INFOPLIST_KEY_UIApplicationSupportsIndirectInputEvents = YES;
				INFOPLIST_KEY_UILaunchScreen_Generation = YES;
				INFOPLIST_KEY_UISupportedInterfaceOrientations_iPad = "UIInterfaceOrientationPortrait UIInterfaceOrientationPortraitUpsideDown UIInterfaceOrientationLandscapeLeft UIInterfaceOrientationLandscapeRight";
				INFOPLIST_KEY_UISupportedInterfaceOrientations_iPhone = "UIInterfaceOrientationPortrait UIInterfaceOrientationLandscapeLeft UIInterfaceOrientationLandscapeRight";
				LD_RUNPATH_SEARCH_PATHS = (
					"$(inherited)",
					"@executable_path/Frameworks",
				);
				MARKETING_VERSION = 1.0;
				PRODUCT_BUNDLE_IDENTIFIER = uitest.CitySights;
				PRODUCT_NAME = "$(TARGET_NAME)";
				SWIFT_EMIT_LOC_STRINGS = YES;
				SWIFT_VERSION = 5.0;
				TARGETED_DEVICE_FAMILY = "1,2";
			};
			name = Release;
		};
/* End XCBuildConfiguration section */

/* Begin XCConfigurationList section */
		4CB0C34529CC78A9000AC11A /* Build configuration list for PBXProject "CitySights" */ = {
			isa = XCConfigurationList;
			buildConfigurations = (
				4CB0C35629CC78AB000AC11A /* Debug */,
				4CB0C35729CC78AB000AC11A /* Release */,
			);
			defaultConfigurationIsVisible = 0;
			defaultConfigurationName = Release;
		};
		4CB0C35829CC78AB000AC11A /* Build configuration list for PBXNativeTarget "CitySights" */ = {
			isa = XCConfigurationList;
			buildConfigurations = (
				4CB0C35929CC78AB000AC11A /* Debug */,
				4CB0C35A29CC78AB000AC11A /* Release */,
			);
			defaultConfigurationIsVisible = 0;
			defaultConfigurationName = Release;
		};
/* End XCConfigurationList section */
	};
	rootObject = 4CB0C34229CC78A9000AC11A /* Project object */;
}
